<?xml version="1.0" encoding="utf-8"?>
<Project ToolsVersion="4.0" xmlns="http://schemas.microsoft.com/developer/msbuild/2003">
  <ItemGroup>
    <Filter Include="Source Files">
      <UniqueIdentifier>{4FC737F1-C7A5-4376-A066-2A32D752A2FF}</UniqueIdentifier>
      <Extensions>cpp;c;cc;cxx;c++;cppm;ixx;def;odl;idl;hpj;bat;asm;asmx</Extensions>
    </Filter>
    <Filter Include="Source Files\extern">
      <UniqueIdentifier>{f9ad8172-df9c-4e54-ba67-2de06e044e67}</UniqueIdentifier>
    </Filter>
  </ItemGroup>
  <ItemGroup>
    <ClCompile Include="src\main.cpp">
      <Filter>Source Files</Filter>
    </ClCompile>
    <ClCompile Include="src\distances.cpp">
      <Filter>Source Files</Filter>
    </ClCompile>
  </ItemGroup>
  <ItemGroup>
    <ClInclude Include="src\cell.h">
      <Filter>Source Files</Filter>
    </ClInclude>
    <ClInclude Include="src\grid.h">
      <Filter>Source Files</Filter>
    </ClInclude>
    <ClInclude Include="src\randomizer.h">
      <Filter>Source Files</Filter>
    </ClInclude>
    <ClInclude Include="src\binarytree.h">
      <Filter>Source Files</Filter>
    </ClInclude>
    <ClInclude Include="src\sidewinder.h">
      <Filter>Source Files</Filter>
    </ClInclude>
    <ClInclude Include="src\extern\olcPixelGameEngine.h">
      <Filter>Source Files\extern</Filter>
    </ClInclude>
    <ClInclude Include="src\distances.h">
      <Filter>Source Files</Filter>
    </ClInclude>
    <ClInclude Include="src\aldousbroder.h">
      <Filter>Source Files</Filter>
    </ClInclude>
    <ClInclude Include="src\huntkill.h">
      <Filter>Source Files</Filter>
    </ClInclude>
    <ClInclude Include="src\recursivebacktracker.h">
      <Filter>Source Files</Filter>
    </ClInclude>
    <ClInclude Include="src\trueprims.h">
      <Filter>Source Files</Filter>
    </ClInclude>
    <ClInclude Include="src\growingtree.h">
      <Filter>Source Files</Filter>
    </ClInclude>
  </ItemGroup>
</Project>